
Microsoft Visual Studio Solution File, Format Version 12.00
# Visual Studio 14
VisualStudioVersion = 14.0.25420.1
MinimumVisualStudioVersion = 10.0.40219.1
Project("{FAE04EC0-301F-11D3-BF4B-00C04F79EFBC}") = "Diplo.TraceLogViewer", "Diplo.TraceLogViewer\Diplo.TraceLogViewer.csproj", "{ABBD8825-E1FC-4437-BDEF-FDE704639C48}"
EndProject
Project("{2150E333-8FDC-42A3-9474-1A3956D46DE8}") = "BuildPackage", "BuildPackage", "{9AAD44D4-ADF8-4642-8D38-79A90D13108E}"
	ProjectSection(SolutionItems) = preProject
		BuildPackage\Build.bat = BuildPackage\Build.bat
		BuildPackage\Package.build.xml = BuildPackage\Package.build.xml
		BuildPackage\package.nuspec = BuildPackage\package.nuspec
		BuildPackage\Package.xml = BuildPackage\Package.xml
	EndProjectSection
EndProject
Project("{FAE04EC0-301F-11D3-BF4B-00C04F79EFBC}") = "Umbraco.7.4", "Umbraco.7.4\Umbraco.7.4.csproj", "{677F44A9-8081-497E-9AD9-89327F7B4C79}"
EndProject
Project("{FAE04EC0-301F-11D3-BF4B-00C04F79EFBC}") = "Diplo.TraceLogViewer.Tests", "Diplo.TraceLogViewer.Tests\Diplo.TraceLogViewer.Tests.csproj", "{46D43BCB-8B0E-442E-AF05-848492AEB3D9}"
EndProject
Global
	GlobalSection(SolutionConfigurationPlatforms) = preSolution
		Debug|Any CPU = Debug|Any CPU
		Release|Any CPU = Release|Any CPU
	EndGlobalSection
	GlobalSection(ProjectConfigurationPlatforms) = postSolution
		{ABBD8825-E1FC-4437-BDEF-FDE704639C48}.Debug|Any CPU.ActiveCfg = Debug|Any CPU
		{ABBD8825-E1FC-4437-BDEF-FDE704639C48}.Debug|Any CPU.Build.0 = Debug|Any CPU
		{ABBD8825-E1FC-4437-BDEF-FDE704639C48}.Release|Any CPU.ActiveCfg = Release|Any CPU
		{ABBD8825-E1FC-4437-BDEF-FDE704639C48}.Release|Any CPU.Build.0 = Release|Any CPU
		{677F44A9-8081-497E-9AD9-89327F7B4C79}.Debug|Any CPU.ActiveCfg = Debug|Any CPU
		{677F44A9-8081-497E-9AD9-89327F7B4C79}.Debug|Any CPU.Build.0 = Debug|Any CPU
		{677F44A9-8081-497E-9AD9-89327F7B4C79}.Release|Any CPU.ActiveCfg = Release|Any CPU
		{677F44A9-8081-497E-9AD9-89327F7B4C79}.Release|Any CPU.Build.0 = Release|Any CPU
		{46D43BCB-8B0E-442E-AF05-848492AEB3D9}.Debug|Any CPU.ActiveCfg = Debug|Any CPU
		{46D43BCB-8B0E-442E-AF05-848492AEB3D9}.Debug|Any CPU.Build.0 = Debug|Any CPU
		{46D43BCB-8B0E-442E-AF05-848492AEB3D9}.Release|Any CPU.ActiveCfg = Release|Any CPU
		{46D43BCB-8B0E-442E-AF05-848492AEB3D9}.Release|Any CPU.Build.0 = Release|Any CPU
	EndGlobalSection
	GlobalSection(SolutionProperties) = preSolution
		HideSolutionNode = FALSE
	EndGlobalSection
EndGlobal
